{
  "name": "@typescene/treegrid",
  "version": "0.0.0",
  "lockfileVersion": 1,
  "requires": true,
  "dependencies": {
    "@typescene/web-nav": {
      "version": "3.0.0",
      "resolved": "https://registry.npmjs.org/@typescene/web-nav/-/web-nav-3.0.0.tgz",
      "integrity": "sha512-fF3dn4ZTNMj4NcrFM46W51ovnDHDP2bX+/ikwSY3olk9efWF8xeADphQfiAG9c+zQD49puS5X9gDLSLc9ebdpQ==",
      "dev": true
    },
    "@typescene/webapp": {
      "version": "3.0.1",
      "resolved": "https://registry.npmjs.org/@typescene/webapp/-/webapp-3.0.1.tgz",
      "integrity": "sha512-0gv9yeGFFFnqfTE+JyooG59nJdDSS6HGTTqMibak4EOwIsUQviq7/4Oo8IX+vfetcnCo9Q6Ifr4TpjwrXj2R3g==",
      "dev": true,
      "requires": {
        "tslib": "^2.0.0",
        "typescene": "3.0.1"
      }
    },
    "tslib": {
      "version": "2.0.1",
      "resolved": "https://registry.npmjs.org/tslib/-/tslib-2.0.1.tgz",
      "integrity": "sha512-SgIkNheinmEBgx1IUNirK0TUD4X9yjjBRTqqjggWCU3pUEqIk3/Uwl3yRixYKT6WjQuGiwDv4NomL3wqRCj+CQ==",
      "dev": true
    },
    "typescene": {
      "version": "3.0.1",
      "resolved": "https://registry.npmjs.org/typescene/-/typescene-3.0.1.tgz",
      "integrity": "sha512-J1Zw/88m+J+dJYBeQ4YMqI/13nZYHStDoNYP3DMsS16nETE6FWfKZuyNsX2Vj+mNDrfmb05h7yttQ14U6CPYhw==",
      "dev": true,
      "requires": {
        "tslib": "^2.0.0"
      }
    },
    "typescript": {
      "version": "4.0.2",
      "resolved": "https://registry.npmjs.org/typescript/-/typescript-4.0.2.tgz",
      "integrity": "sha512-e4ERvRV2wb+rRZ/IQeb3jm2VxBsirQLpQhdxplZ2MEzGvDkkMmPglecnNDfSUBivMjP93vRbngYYDQqQ/78bcQ==",
      "dev": true
    }
  }
}
